// !$*UTF8*$!
{
	archiveVersion = 1;
	classes = {
	};
	objectVersion = 46;
	objects = {

/* Begin PBXBuildFile section */
		9B63D3A41EC7836D00D2FEBA /* AppDelegate.swift in Sources */ = {isa = PBXBuildFile; fileRef = 9B63D3A31EC7836D00D2FEBA /* AppDelegate.swift */; };
		9B63D3A61EC7836D00D2FEBA /* ViewController.swift in Sources */ = {isa = PBXBuildFile; fileRef = 9B63D3A51EC7836D00D2FEBA /* ViewController.swift */; };
		9B63D3A91EC7836D00D2FEBA /* Main.storyboard in Resources */ = {isa = PBXBuildFile; fileRef = 9B63D3A71EC7836D00D2FEBA /* Main.storyboard */; };
		9B63D3AC1EC7836D00D2FEBA /* Soundy_Sounds.xcdatamodeld in Sources */ = {isa = PBXBuildFile; fileRef = 9B63D3AA1EC7836D00D2FEBA /* Soundy_Sounds.xcdatamodeld */; };
		9B63D3AE1EC7836D00D2FEBA /* Assets.xcassets in Resources */ = {isa = PBXBuildFile; fileRef = 9B63D3AD1EC7836D00D2FEBA /* Assets.xcassets */; };
		9B63D3B11EC7836D00D2FEBA /* LaunchScreen.storyboard in Resources */ = {isa = PBXBuildFile; fileRef = 9B63D3AF1EC7836D00D2FEBA /* LaunchScreen.storyboard */; };
		9B63D3B91EC786A700D2FEBA /* SoundViewController.swift in Sources */ = {isa = PBXBuildFile; fileRef = 9B63D3B81EC786A700D2FEBA /* SoundViewController.swift */; };
/* End PBXBuildFile section */

/* Begin PBXFileReference section */
		9B63D3A01EC7836D00D2FEBA /* Soundy Sounds.app */ = {isa = PBXFileReference; explicitFileType = wrapper.application; includeInIndex = 0; path = "Soundy Sounds.app"; sourceTree = BUILT_PRODUCTS_DIR; };
		9B63D3A31EC7836D00D2FEBA /* AppDelegate.swift */ = {isa = PBXFileReference; lastKnownFileType = sourcecode.swift; path = AppDelegate.swift; sourceTree = "<group>"; };
		9B63D3A51EC7836D00D2FEBA /* ViewController.swift */ = {isa = PBXFileReference; lastKnownFileType = sourcecode.swift; path = ViewController.swift; sourceTree = "<group>"; };
		9B63D3A81EC7836D00D2FEBA /* Base */ = {isa = PBXFileReference; lastKnownFileType = file.storyboard; name = Base; path = Base.lproj/Main.storyboard; sourceTree = "<group>"; };
		9B63D3AB1EC7836D00D2FEBA /* Soundy_Sounds.xcdatamodel */ = {isa = PBXFileReference; lastKnownFileType = wrapper.xcdatamodel; path = Soundy_Sounds.xcdatamodel; sourceTree = "<group>"; };
		9B63D3AD1EC7836D00D2FEBA /* Assets.xcassets */ = {isa = PBXFileReference; lastKnownFileType = folder.assetcatalog; path = Assets.xcassets; sourceTree = "<group>"; };
		9B63D3B01EC7836D00D2FEBA /* Base */ = {isa = PBXFileReference; lastKnownFileType = file.storyboard; name = Base; path = Base.lproj/LaunchScreen.storyboard; sourceTree = "<group>"; };
		9B63D3B21EC7836D00D2FEBA /* Info.plist */ = {isa = PBXFileReference; lastKnownFileType = text.plist.xml; path = Info.plist; sourceTree = "<group>"; };
		9B63D3B81EC786A700D2FEBA /* SoundViewController.swift */ = {isa = PBXFileReference; fileEncoding = 4; lastKnownFileType = sourcecode.swift; path = SoundViewController.swift; sourceTree = "<group>"; };
/* End PBXFileReference section */

/* Begin PBXFrameworksBuildPhase section */
		9B63D39D1EC7836D00D2FEBA /* Frameworks */ = {
			isa = PBXFrameworksBuildPhase;
			buildActionMask = 2147483647;
			files = (
			);
			runOnlyForDeploymentPostprocessing = 0;
		};
/* End PBXFrameworksBuildPhase section */

/* Begin PBXGroup section */
		9B63D3971EC7836D00D2FEBA = {
			isa = PBXGroup;
			children = (
				9B63D3A21EC7836D00D2FEBA /* Soundy Sounds */,
				9B63D3A11EC7836D00D2FEBA /* Products */,
			);
			sourceTree = "<group>";
		};
		9B63D3A11EC7836D00D2FEBA /* Products */ = {
			isa = PBXGroup;
			children = (
				9B63D3A01EC7836D00D2FEBA /* Soundy Sounds.app */,
			);
			name = Products;
			sourceTree = "<group>";
		};
		9B63D3A21EC7836D00D2FEBA /* Soundy Sounds */ = {
			isa = PBXGroup;
			children = (
				9B63D3A31EC7836D00D2FEBA /* AppDelegate.swift */,
				9B63D3A51EC7836D00D2FEBA /* ViewController.swift */,
				9B63D3B81EC786A700D2FEBA /* SoundViewController.swift */,
				9B63D3A71EC7836D00D2FEBA /* Main.storyboard */,
				9B63D3AD1EC7836D00D2FEBA /* Assets.xcassets */,
				9B63D3AF1EC7836D00D2FEBA /* LaunchScreen.storyboard */,
				9B63D3B21EC7836D00D2FEBA /* Info.plist */,
				9B63D3AA1EC7836D00D2FEBA /* Soundy_Sounds.xcdatamodeld */,
			);
			path = "Soundy Sounds";
			sourceTree = "<group>";
		};
/* End PBXGroup section */

/* Begin PBXNativeTarget section */
		9B63D39F1EC7836D00D2FEBA /* Soundy Sounds */ = {
			isa = PBXNativeTarget;
			buildConfigurationList = 9B63D3B51EC7836D00D2FEBA /* Build configuration list for PBXNativeTarget "Soundy Sounds" */;
			buildPhases = (
				9B63D39C1EC7836D00D2FEBA /* Sources */,
				9B63D39D1EC7836D00D2FEBA /* Frameworks */,
				9B63D39E1EC7836D00D2FEBA /* Resources */,
			);
			buildRules = (
			);
			dependencies = (
			);
			name = "Soundy Sounds";
			productName = "Soundy Sounds";
			productReference = 9B63D3A01EC7836D00D2FEBA /* Soundy Sounds.app */;
			productType = "com.apple.product-type.application";
		};
/* End PBXNativeTarget section */

/* Begin PBXProject section */
		9B63D3981EC7836D00D2FEBA /* Project object */ = {
			isa = PBXProject;
			attributes = {
				LastSwiftUpdateCheck = 0820;
				LastUpgradeCheck = 0820;
				ORGANIZATIONNAME = "Andrew VanDamme";
				TargetAttributes = {
					9B63D39F1EC7836D00D2FEBA = {
						CreatedOnToolsVersion = 8.2.1;
						DevelopmentTeam = N5BPQ5474D;
						ProvisioningStyle = Automatic;
					};
				};
			};
			buildConfigurationList = 9B63D39B1EC7836D00D2FEBA /* Build configuration list for PBXProject "Soundy Sounds" */;
			compatibilityVersion = "Xcode 3.2";
			developmentRegion = English;
			hasScannedForEncodings = 0;
			knownRegions = (
				en,
				Base,
			);
			mainGroup = 9B63D3971EC7836D00D2FEBA;
			productRefGroup = 9B63D3A11EC7836D00D2FEBA /* Products */;
			projectDirPath = "";
			projectRoot = "";
			targets = (
				9B63D39F1EC7836D00D2FEBA /* Soundy Sounds */,
			);
		};
/* End PBXProject section */

/* Begin PBXResourcesBuildPhase section */
		9B63D39E1EC7836D00D2FEBA /* Resources */ = {
			isa = PBXResourcesBuildPhase;
			buildActionMask = 2147483647;
			files = (
				9B63D3B11EC7836D00D2FEBA /* LaunchScreen.storyboard in Resources */,
				9B63D3AE1EC7836D00D2FEBA /* Assets.xcassets in Resources */,
				9B63D3A91EC7836D00D2FEBA /* Main.storyboard in Resources */,
			);
			runOnlyForDeploymentPostprocessing = 0;
		};
/* End PBXResourcesBuildPhase section */

/* Begin PBXSourcesBuildPhase section */
		9B63D39C1EC7836D00D2FEBA /* Sources */ = {
			isa = PBXSourcesBuildPhase;
			buildActionMask = 2147483647;
			files = (
				9B63D3B91EC786A700D2FEBA /* SoundViewController.swift in Sources */,
				9B63D3AC1EC7836D00D2FEBA /* Soundy_Sounds.xcdatamodeld in Sources */,
				9B63D3A61EC7836D00D2FEBA /* ViewController.swift in Sources */,
				9B63D3A41EC7836D00D2FEBA /* AppDelegate.swift in Sources */,
			);
			runOnlyForDeploymentPostprocessing = 0;
		};
/* End PBXSourcesBuildPhase section */

/* Begin PBXVariantGroup section */
		9B63D3A71EC7836D00D2FEBA /* Main.storyboard */ = {
			isa = PBXVariantGroup;
			children = (
				9B63D3A81EC7836D00D2FEBA /* Base */,
			);
			name = Main.storyboard;
			sourceTree = "<group>";
		};
		9B63D3AF1EC7836D00D2FEBA /* LaunchScreen.storyboard */ = {
			isa = PBXVariantGroup;
			children = (
				9B63D3B01EC7836D00D2FEBA /* Base */,
			);
			name = LaunchScreen.storyboard;
			sourceTree = "<group>";
		};
/* End PBXVariantGroup section */

/* Begin XCBuildConfiguration section */
		9B63D3B31EC7836D00D2FEBA /* Debug */ = {
			isa = XCBuildConfiguration;
			buildSettings = {
				ALWAYS_SEARCH_USER_PATHS = NO;
				CLANG_ANALYZER_NONNULL = YES;
				CLANG_CXX_LANGUAGE_STANDARD = "gnu++0x";
				CLANG_CXX_LIBRARY = "libc++";
				CLANG_ENABLE_MODULES = YES;
				CLANG_ENABLE_OBJC_ARC = YES;
				CLANG_WARN_BOOL_CONVERSION = YES;
				CLANG_WARN_CONSTANT_CONVERSION = YES;
				CLANG_WARN_DIRECT_OBJC_ISA_USAGE = YES_ERROR;
				CLANG_WARN_DOCUMENTATION_COMMENTS = YES;
				CLANG_WARN_EMPTY_BODY = YES;
				CLANG_WARN_ENUM_CONVERSION = YES;
				CLANG_WARN_INFINITE_RECURSION = YES;
				CLANG_WARN_INT_CONVERSION = YES;
				CLANG_WARN_OBJC_ROOT_CLASS = YES_ERROR;
				CLANG_WARN_SUSPICIOUS_MOVE = YES;
				CLANG_WARN_UNREACHABLE_CODE = YES;
				CLANG_WARN__DUPLICATE_METHOD_MATCH = YES;
				"CODE_SIGN_IDENTITY[sdk=iphoneos*]" = "iPhone Developer";
				COPY_PHASE_STRIP = NO;
				DEBUG_INFORMATION_FORMAT = dwarf;
				ENABLE_STRICT_OBJC_MSGSEND = YES;
				ENABLE_TESTABILITY = YES;
				GCC_C_LANGUAGE_STANDARD = gnu99;
				GCC_DYNAMIC_NO_PIC = NO;
				GCC_NO_COMMON_BLOCKS = YES;
				GCC_OPTIMIZATION_LEVEL = 0;
				GCC_PREPROCESSOR_DEFINITIONS = (
					"DEBUG=1",
					"$(inherited)",
				);
				GCC_WARN_64_TO_32_BIT_CONVERSION = YES;
				GCC_WARN_ABOUT_RETURN_TYPE = YES_ERROR;
				GCC_WARN_UNDECLARED_SELECTOR = YES;
				GCC_WARN_UNINITIALIZED_AUTOS = YES_AGGRESSIVE;
				GCC_WARN_UNUSED_FUNCTION = YES;
				GCC_WARN_UNUSED_VARIABLE = YES;
				IPHONEOS_DEPLOYMENT_TARGET = 10.2;
				MTL_ENABLE_DEBUG_INFO = YES;
				ONLY_ACTIVE_ARCH = YES;
				SDKROOT = iphoneos;
				SWIFT_ACTIVE_COMPILATION_CONDITIONS = DEBUG;
				SWIFT_OPTIMIZATION_LEVEL = "-Onone";
				TARGETED_DEVICE_FAMILY = "1,2";
			};
			name = Debug;
		};
		9B63D3B41EC7836D00D2FEBA /* Release */ = {
			isa = XCBuildConfiguration;
			buildSettings = {
				ALWAYS_SEARCH_USER_PATHS = NO;
				CLANG_ANALYZER_NONNULL = YES;
				CLANG_CXX_LANGUAGE_STANDARD = "gnu++0x";
				CLANG_CXX_LIBRARY = "libc++";
				CLANG_ENABLE_MODULES = YES;
				CLANG_ENABLE_OBJC_ARC = YES;
				CLANG_WARN_BOOL_CONVERSION = YES;
				CLANG_WARN_CONSTANT_CONVERSION = YES;
				CLANG_WARN_DIRECT_OBJC_ISA_USAGE = YES_ERROR;
				CLANG_WARN_DOCUMENTATION_COMMENTS = YES;
				CLANG_WARN_EMPTY_BODY = YES;
				CLANG_WARN_ENUM_CONVERSION = YES;
				CLANG_WARN_INFINITE_RECURSION = YES;
				CLANG_WARN_INT_CONVERSION = YES;
				CLANG_WARN_OBJC_ROOT_CLASS = YES_ERROR;
				CLANG_WARN_SUSPICIOUS_MOVE = YES;
				CLANG_WARN_UNREACHABLE_CODE = YES;
				CLANG_WARN__DUPLICATE_METHOD_MATCH = YES;
				"CODE_SIGN_IDENTITY[sdk=iphoneos*]" = "iPhone Developer";
				COPY_PHASE_STRIP = NO;
				DEBUG_INFORMATION_FORMAT = "dwarf-with-dsym";
				ENABLE_NS_ASSERTIONS = NO;
				ENABLE_STRICT_OBJC_MSGSEND = YES;
				GCC_C_LANGUAGE_STANDARD = gnu99;
				GCC_NO_COMMON_BLOCKS = YES;
				GCC_WARN_64_TO_32_BIT_CONVERSION = YES;
				GCC_WARN_ABOUT_RETURN_TYPE = YES_ERROR;
				GCC_WARN_UNDECLARED_SELECTOR = YES;
				GCC_WARN_UNINITIALIZED_AUTOS = YES_AGGRESSIVE;
				GCC_WARN_UNUSED_FUNCTION = YES;
				GCC_WARN_UNUSED_VARIABLE = YES;
				IPHONEOS_DEPLOYMENT_TARGET = 10.2;
				MTL_ENABLE_DEBUG_INFO = NO;
				SDKROOT = iphoneos;
				SWIFT_OPTIMIZATION_LEVEL = "-Owholemodule";
				TARGETED_DEVICE_FAMILY = "1,2";
				VALIDATE_PRODUCT = YES;
			};
			name = Release;
		};
		9B63D3B61EC7836D00D2FEBA /* Debug */ = {
			isa = XCBuildConfiguration;
			buildSettings = {
				ASSETCATALOG_COMPILER_APPICON_NAME = AppIcon;
				DEVELOPMENT_TEAM = N5BPQ5474D;
				INFOPLIST_FILE = "Soundy Sounds/Info.plist";
				LD_RUNPATH_SEARCH_PATHS = "$(inherited) @executable_path/Frameworks";
				PRODUCT_BUNDLE_IDENTIFIER = "AV.Soundy-Sounds";
				PRODUCT_NAME = "$(TARGET_NAME)";
				SWIFT_VERSION = 3.0;
			};
			name = Debug;
		};
		9B63D3B71EC7836D00D2FEBA /* Release */ = {
			isa = XCBuildConfiguration;
			buildSettings = {
				ASSETCATALOG_COMPILER_APPICON_NAME = AppIcon;
				DEVELOPMENT_TEAM = N5BPQ5474D;
				INFOPLIST_FILE = "Soundy Sounds/Info.plist";
				LD_RUNPATH_SEARCH_PATHS = "$(inherited) @executable_path/Frameworks";
				PRODUCT_BUNDLE_IDENTIFIER = "AV.Soundy-Sounds";
				PRODUCT_NAME = "$(TARGET_NAME)";
				SWIFT_VERSION = 3.0;
			};
			name = Release;
		};
/* End XCBuildConfiguration section */

/* Begin XCConfigurationList section */
		9B63D39B1EC7836D00D2FEBA /* Build configuration list for PBXProject "Soundy Sounds" */ = {
			isa = XCConfigurationList;
			buildConfigurations = (
				9B63D3B31EC7836D00D2FEBA /* Debug */,
				9B63D3B41EC7836D00D2FEBA /* Release */,
			);
			defaultConfigurationIsVisible = 0;
			defaultConfigurationName = Release;
		};
		9B63D3B51EC7836D00D2FEBA /* Build configuration list for PBXNativeTarget "Soundy Sounds" */ = {
			isa = XCConfigurationList;
			buildConfigurations = (
				9B63D3B61EC7836D00D2FEBA /* Debug */,
				9B63D3B71EC7836D00D2FEBA /* Release */,
			);
			defaultConfigurationIsVisible = 0;
		};
/* End XCConfigurationList section */

/* Begin XCVersionGroup section */
		9B63D3AA1EC7836D00D2FEBA /* Soundy_Sounds.xcdatamodeld */ = {
			isa = XCVersionGroup;
			children = (
				9B63D3AB1EC7836D00D2FEBA /* Soundy_Sounds.xcdatamodel */,
			);
			currentVersion = 9B63D3AB1EC7836D00D2FEBA /* Soundy_Sounds.xcdatamodel */;
			path = Soundy_Sounds.xcdatamodeld;
			sourceTree = "<group>";
			versionGroupType = wrapper.xcdatamodel;
		};
/* End XCVersionGroup section */
	};
	rootObject = 9B63D3981EC7836D00D2FEBA /* Project object */;
}
